
Microsoft Visual Studio Solution File, Format Version 12.00
# Visual Studio Version 17
VisualStudioVersion = 17.3.32825.248
MinimumVisualStudioVersion = 10.0.40219.1
Project("{FAE04EC0-301F-11D3-BF4B-00C04F79EFBC}") = "RazorPagesMovie", "RazorPagesMovie.csproj", "{2623EA00-5C74-45CE-969C-8043539D1D1F}"
EndProject
Global
	GlobalSection(SolutionConfigurationPlatforms) = preSolution
		Debug|Any CPU = Debug|Any CPU
		Release|Any CPU = Release|Any CPU
	EndGlobalSection
	GlobalSection(ProjectConfigurationPlatforms) = postSolution
		{2623EA00-5C74-45CE-969C-8043539D1D1F}.Debug|Any CPU.ActiveCfg = Debug|Any CPU
		{2623EA00-5C74-45CE-969C-8043539D1D1F}.Debug|Any CPU.Build.0 = Debug|Any CPU
		{2623EA00-5C74-45CE-969C-8043539D1D1F}.Release|Any CPU.ActiveCfg = Release|Any CPU
		{2623EA00-5C74-45CE-969C-8043539D1D1F}.Release|Any CPU.Build.0 = Release|Any CPU
	EndGlobalSection
	GlobalSection(SolutionProperties) = preSolution
		HideSolutionNode = FALSE
	EndGlobalSection
	GlobalSection(ExtensibilityGlobals) = postSolution
		SolutionGuid = {F7344E26-106D-4DD4-B1F5-665BEBD26619}
	EndGlobalSection
EndGlobal
